
Microsoft Visual Studio Solution File, Format Version 12.00
# Visual Studio 14
VisualStudioVersion = 14.0.22310.1
MinimumVisualStudioVersion = 10.0.40219.1
Project("{D954291E-2A0B-460D-934E-DC6B0785DB48}") = "AzureIt.Shared", "AzureIt.Shared\AzureIt.Shared.shproj", "{42010F0B-431E-4009-9D5C-08DBACC7023D}"
EndProject
Project("{FAE04EC0-301F-11D3-BF4B-00C04F79EFBC}") = "AzureIt.Windows", "AzureIt.Windows\AzureIt.Windows.csproj", "{7ED7037F-3453-44A4-876E-527CD7708733}"
EndProject
Project("{FAE04EC0-301F-11D3-BF4B-00C04F79EFBC}") = "AzureIt.WindowsPhone", "AzureIt.WindowsPhone\AzureIt.WindowsPhone.csproj", "{1A218530-EA20-4F33-A611-B7A91BFE762A}"
EndProject
Project("{FAE04EC0-301F-11D3-BF4B-00C04F79EFBC}") = "AzureIt.Business.Libs", "AzureIt.Business.Libs\AzureIt.Business.Libs.csproj", "{31DB7DA1-37B6-4901-BFC6-2E53614B5819}"
EndProject
Project("{2150E333-8FDC-42A3-9474-1A3956D46DE8}") = "1 - Presentation", "1 - Presentation", "{C4BBF458-C03B-4E8F-B8CD-E919F91CF431}"
EndProject
Project("{2150E333-8FDC-42A3-9474-1A3956D46DE8}") = "2 - Business", "2 - Business", "{9E1525FA-D940-466E-8EFC-220C09635FEE}"
EndProject
Project("{2150E333-8FDC-42A3-9474-1A3956D46DE8}") = "3 - Data", "3 - Data", "{3E73FD5C-284E-482D-8815-66CD4F3A9858}"
EndProject
Project("{FAE04EC0-301F-11D3-BF4B-00C04F79EFBC}") = "AzureIt.Data.Libs", "AzureIt.Data.Libs\AzureIt.Data.Libs.csproj", "{4BD090AD-711A-4064-BB76-DC07AB7BCF55}"
EndProject
Project("{FAE04EC0-301F-11D3-BF4B-00C04F79EFBC}") = "AzureIt.Data.Sqlite", "AzureIt.Data.Sqlite\AzureIt.Data.Sqlite.csproj", "{7D7B7F57-747E-4EF8-8354-810780CF99C7}"
EndProject
Project("{FAE04EC0-301F-11D3-BF4B-00C04F79EFBC}") = "AzureIt.Data.Sqlite.Tests", "AzureIt.Data.Sqlite.Tests\AzureIt.Data.Sqlite.Tests.csproj", "{0508BF92-E917-40B4-83ED-7A634FFE8B77}"
EndProject
Project("{FAE04EC0-301F-11D3-BF4B-00C04F79EFBC}") = "AzureIt.Windows.Tests", "AzureIt.Windows.Tests\AzureIt.Windows.Tests.csproj", "{DDBF0C09-2FD1-450F-94AA-96DB0A18B11E}"
EndProject
Project("{FAE04EC0-301F-11D3-BF4B-00C04F79EFBC}") = "AzureIt.WindowsPhone.Tests", "AzureIt.WindowsPhone.Tests\AzureIt.WindowsPhone.Tests.csproj", "{BC1A9147-8AF6-4A0A-B7EB-DAA49EBF7BBB}"
EndProject
Project("{2150E333-8FDC-42A3-9474-1A3956D46DE8}") = "4 - Webservice", "4 - Webservice", "{4EE03CE7-E247-45CF-B699-CBB8DEFC502A}"
EndProject
Project("{FAE04EC0-301F-11D3-BF4B-00C04F79EFBC}") = "AzureIt.Webservice.Libs", "AzureIt.Webservice.Libs\AzureIt.Webservice.Libs.csproj", "{0B5CDFB4-911E-47A4-BE93-33949D021008}"
EndProject
Project("{FAE04EC0-301F-11D3-BF4B-00C04F79EFBC}") = "AzureIt.Webservice.Azure", "AzureIt.Webservice.Azure\AzureIt.Webservice.Azure.csproj", "{AC02A6F7-81B3-4640-AFAF-CDABEB231D04}"
EndProject
Project("{FAE04EC0-301F-11D3-BF4B-00C04F79EFBC}") = "AzureIt.Webservice.Azure.Tests", "AzureIt.Webservice.Azure.Tests\AzureIt.Webservice.Azure.Tests.csproj", "{93153BB5-EC73-4EA2-B589-93F6A5FA3430}"
EndProject
Project("{FAE04EC0-301F-11D3-BF4B-00C04F79EFBC}") = "AzureIt.Business.Core", "AzureIt.Business.Core\AzureIt.Business.Core.csproj", "{50BA6928-4424-4D31-9011-4121A3ED9B76}"
EndProject
Project("{FAE04EC0-301F-11D3-BF4B-00C04F79EFBC}") = "AzureIt.Business.Core.Tests", "AzureIt.Business.Core.Tests\AzureIt.Business.Core.Tests.csproj", "{201114DD-70E7-4850-BF6F-184D7AFED818}"
EndProject
Global
	GlobalSection(SharedMSBuildProjectFiles) = preSolution
		AzureIt.Shared\AzureIt.Shared.projitems*{42010f0b-431e-4009-9d5c-08dbacc7023d}*SharedItemsImports = 13
		AzureIt.Shared\AzureIt.Shared.projitems*{7ed7037f-3453-44a4-876e-527cd7708733}*SharedItemsImports = 4
		AzureIt.Shared\AzureIt.Shared.projitems*{1a218530-ea20-4f33-a611-b7a91bfe762a}*SharedItemsImports = 4
	EndGlobalSection
	GlobalSection(SolutionConfigurationPlatforms) = preSolution
		Debug|Any CPU = Debug|Any CPU
		Debug|ARM = Debug|ARM
		Debug|x64 = Debug|x64
		Debug|x86 = Debug|x86
		Release|Any CPU = Release|Any CPU
		Release|ARM = Release|ARM
		Release|x64 = Release|x64
		Release|x86 = Release|x86
	EndGlobalSection
	GlobalSection(ProjectConfigurationPlatforms) = postSolution
		{7ED7037F-3453-44A4-876E-527CD7708733}.Debug|Any CPU.ActiveCfg = Debug|Any CPU
		{7ED7037F-3453-44A4-876E-527CD7708733}.Debug|Any CPU.Build.0 = Debug|Any CPU
		{7ED7037F-3453-44A4-876E-527CD7708733}.Debug|Any CPU.Deploy.0 = Debug|Any CPU
		{7ED7037F-3453-44A4-876E-527CD7708733}.Debug|ARM.ActiveCfg = Debug|ARM
		{7ED7037F-3453-44A4-876E-527CD7708733}.Debug|ARM.Build.0 = Debug|ARM
		{7ED7037F-3453-44A4-876E-527CD7708733}.Debug|ARM.Deploy.0 = Debug|ARM
		{7ED7037F-3453-44A4-876E-527CD7708733}.Debug|x64.ActiveCfg = Debug|x64
		{7ED7037F-3453-44A4-876E-527CD7708733}.Debug|x64.Build.0 = Debug|x64
		{7ED7037F-3453-44A4-876E-527CD7708733}.Debug|x64.Deploy.0 = Debug|x64
		{7ED7037F-3453-44A4-876E-527CD7708733}.Debug|x86.ActiveCfg = Debug|x86
		{7ED7037F-3453-44A4-876E-527CD7708733}.Debug|x86.Build.0 = Debug|x86
		{7ED7037F-3453-44A4-876E-527CD7708733}.Debug|x86.Deploy.0 = Debug|x86
		{7ED7037F-3453-44A4-876E-527CD7708733}.Release|Any CPU.ActiveCfg = Release|Any CPU
		{7ED7037F-3453-44A4-876E-527CD7708733}.Release|Any CPU.Build.0 = Release|Any CPU
		{7ED7037F-3453-44A4-876E-527CD7708733}.Release|Any CPU.Deploy.0 = Release|Any CPU
		{7ED7037F-3453-44A4-876E-527CD7708733}.Release|ARM.ActiveCfg = Release|ARM
		{7ED7037F-3453-44A4-876E-527CD7708733}.Release|ARM.Build.0 = Release|ARM
		{7ED7037F-3453-44A4-876E-527CD7708733}.Release|ARM.Deploy.0 = Release|ARM
		{7ED7037F-3453-44A4-876E-527CD7708733}.Release|x64.ActiveCfg = Release|x64
		{7ED7037F-3453-44A4-876E-527CD7708733}.Release|x64.Build.0 = Release|x64
		{7ED7037F-3453-44A4-876E-527CD7708733}.Release|x64.Deploy.0 = Release|x64
		{7ED7037F-3453-44A4-876E-527CD7708733}.Release|x86.ActiveCfg = Release|x86
		{7ED7037F-3453-44A4-876E-527CD7708733}.Release|x86.Build.0 = Release|x86
		{7ED7037F-3453-44A4-876E-527CD7708733}.Release|x86.Deploy.0 = Release|x86
		{1A218530-EA20-4F33-A611-B7A91BFE762A}.Debug|Any CPU.ActiveCfg = Debug|Any CPU
		{1A218530-EA20-4F33-A611-B7A91BFE762A}.Debug|Any CPU.Build.0 = Debug|Any CPU
		{1A218530-EA20-4F33-A611-B7A91BFE762A}.Debug|Any CPU.Deploy.0 = Debug|Any CPU
		{1A218530-EA20-4F33-A611-B7A91BFE762A}.Debug|ARM.ActiveCfg = Debug|ARM
		{1A218530-EA20-4F33-A611-B7A91BFE762A}.Debug|ARM.Build.0 = Debug|ARM
		{1A218530-EA20-4F33-A611-B7A91BFE762A}.Debug|ARM.Deploy.0 = Debug|ARM
		{1A218530-EA20-4F33-A611-B7A91BFE762A}.Debug|x64.ActiveCfg = Debug|Any CPU
		{1A218530-EA20-4F33-A611-B7A91BFE762A}.Debug|x64.Build.0 = Debug|Any CPU
		{1A218530-EA20-4F33-A611-B7A91BFE762A}.Debug|x64.Deploy.0 = Debug|Any CPU
		{1A218530-EA20-4F33-A611-B7A91BFE762A}.Debug|x86.ActiveCfg = Debug|x86
		{1A218530-EA20-4F33-A611-B7A91BFE762A}.Debug|x86.Build.0 = Debug|x86
		{1A218530-EA20-4F33-A611-B7A91BFE762A}.Debug|x86.Deploy.0 = Debug|x86
		{1A218530-EA20-4F33-A611-B7A91BFE762A}.Release|Any CPU.ActiveCfg = Release|Any CPU
		{1A218530-EA20-4F33-A611-B7A91BFE762A}.Release|Any CPU.Build.0 = Release|Any CPU
		{1A218530-EA20-4F33-A611-B7A91BFE762A}.Release|Any CPU.Deploy.0 = Release|Any CPU
		{1A218530-EA20-4F33-A611-B7A91BFE762A}.Release|ARM.ActiveCfg = Release|ARM
		{1A218530-EA20-4F33-A611-B7A91BFE762A}.Release|ARM.Build.0 = Release|ARM
		{1A218530-EA20-4F33-A611-B7A91BFE762A}.Release|ARM.Deploy.0 = Release|ARM
		{1A218530-EA20-4F33-A611-B7A91BFE762A}.Release|x64.ActiveCfg = Release|Any CPU
		{1A218530-EA20-4F33-A611-B7A91BFE762A}.Release|x64.Build.0 = Release|Any CPU
		{1A218530-EA20-4F33-A611-B7A91BFE762A}.Release|x64.Deploy.0 = Release|Any CPU
		{1A218530-EA20-4F33-A611-B7A91BFE762A}.Release|x86.ActiveCfg = Release|x86
		{1A218530-EA20-4F33-A611-B7A91BFE762A}.Release|x86.Build.0 = Release|x86
		{1A218530-EA20-4F33-A611-B7A91BFE762A}.Release|x86.Deploy.0 = Release|x86
		{31DB7DA1-37B6-4901-BFC6-2E53614B5819}.Debug|Any CPU.ActiveCfg = Debug|Any CPU
		{31DB7DA1-37B6-4901-BFC6-2E53614B5819}.Debug|Any CPU.Build.0 = Debug|Any CPU
		{31DB7DA1-37B6-4901-BFC6-2E53614B5819}.Debug|ARM.ActiveCfg = Debug|Any CPU
		{31DB7DA1-37B6-4901-BFC6-2E53614B5819}.Debug|ARM.Build.0 = Debug|Any CPU
		{31DB7DA1-37B6-4901-BFC6-2E53614B5819}.Debug|x64.ActiveCfg = Debug|Any CPU
		{31DB7DA1-37B6-4901-BFC6-2E53614B5819}.Debug|x64.Build.0 = Debug|Any CPU
		{31DB7DA1-37B6-4901-BFC6-2E53614B5819}.Debug|x86.ActiveCfg = Debug|Any CPU
		{31DB7DA1-37B6-4901-BFC6-2E53614B5819}.Debug|x86.Build.0 = Debug|Any CPU
		{31DB7DA1-37B6-4901-BFC6-2E53614B5819}.Release|Any CPU.ActiveCfg = Release|Any CPU
		{31DB7DA1-37B6-4901-BFC6-2E53614B5819}.Release|Any CPU.Build.0 = Release|Any CPU
		{31DB7DA1-37B6-4901-BFC6-2E53614B5819}.Release|ARM.ActiveCfg = Release|Any CPU
		{31DB7DA1-37B6-4901-BFC6-2E53614B5819}.Release|ARM.Build.0 = Release|Any CPU
		{31DB7DA1-37B6-4901-BFC6-2E53614B5819}.Release|x64.ActiveCfg = Release|Any CPU
		{31DB7DA1-37B6-4901-BFC6-2E53614B5819}.Release|x64.Build.0 = Release|Any CPU
		{31DB7DA1-37B6-4901-BFC6-2E53614B5819}.Release|x86.ActiveCfg = Release|Any CPU
		{31DB7DA1-37B6-4901-BFC6-2E53614B5819}.Release|x86.Build.0 = Release|Any CPU
		{4BD090AD-711A-4064-BB76-DC07AB7BCF55}.Debug|Any CPU.ActiveCfg = Debug|Any CPU
		{4BD090AD-711A-4064-BB76-DC07AB7BCF55}.Debug|Any CPU.Build.0 = Debug|Any CPU
		{4BD090AD-711A-4064-BB76-DC07AB7BCF55}.Debug|ARM.ActiveCfg = Debug|Any CPU
		{4BD090AD-711A-4064-BB76-DC07AB7BCF55}.Debug|ARM.Build.0 = Debug|Any CPU
		{4BD090AD-711A-4064-BB76-DC07AB7BCF55}.Debug|x64.ActiveCfg = Debug|Any CPU
		{4BD090AD-711A-4064-BB76-DC07AB7BCF55}.Debug|x64.Build.0 = Debug|Any CPU
		{4BD090AD-711A-4064-BB76-DC07AB7BCF55}.Debug|x86.ActiveCfg = Debug|Any CPU
		{4BD090AD-711A-4064-BB76-DC07AB7BCF55}.Debug|x86.Build.0 = Debug|Any CPU
		{4BD090AD-711A-4064-BB76-DC07AB7BCF55}.Release|Any CPU.ActiveCfg = Release|Any CPU
		{4BD090AD-711A-4064-BB76-DC07AB7BCF55}.Release|Any CPU.Build.0 = Release|Any CPU
		{4BD090AD-711A-4064-BB76-DC07AB7BCF55}.Release|ARM.ActiveCfg = Release|Any CPU
		{4BD090AD-711A-4064-BB76-DC07AB7BCF55}.Release|ARM.Build.0 = Release|Any CPU
		{4BD090AD-711A-4064-BB76-DC07AB7BCF55}.Release|x64.ActiveCfg = Release|Any CPU
		{4BD090AD-711A-4064-BB76-DC07AB7BCF55}.Release|x64.Build.0 = Release|Any CPU
		{4BD090AD-711A-4064-BB76-DC07AB7BCF55}.Release|x86.ActiveCfg = Release|Any CPU
		{4BD090AD-711A-4064-BB76-DC07AB7BCF55}.Release|x86.Build.0 = Release|Any CPU
		{7D7B7F57-747E-4EF8-8354-810780CF99C7}.Debug|Any CPU.ActiveCfg = Debug|Any CPU
		{7D7B7F57-747E-4EF8-8354-810780CF99C7}.Debug|Any CPU.Build.0 = Debug|Any CPU
		{7D7B7F57-747E-4EF8-8354-810780CF99C7}.Debug|ARM.ActiveCfg = Debug|ARM
		{7D7B7F57-747E-4EF8-8354-810780CF99C7}.Debug|ARM.Build.0 = Debug|ARM
		{7D7B7F57-747E-4EF8-8354-810780CF99C7}.Debug|x64.ActiveCfg = Debug|x64
		{7D7B7F57-747E-4EF8-8354-810780CF99C7}.Debug|x64.Build.0 = Debug|x64
		{7D7B7F57-747E-4EF8-8354-810780CF99C7}.Debug|x86.ActiveCfg = Debug|x86
		{7D7B7F57-747E-4EF8-8354-810780CF99C7}.Debug|x86.Build.0 = Debug|x86
		{7D7B7F57-747E-4EF8-8354-810780CF99C7}.Release|Any CPU.ActiveCfg = Release|Any CPU
		{7D7B7F57-747E-4EF8-8354-810780CF99C7}.Release|Any CPU.Build.0 = Release|Any CPU
		{7D7B7F57-747E-4EF8-8354-810780CF99C7}.Release|ARM.ActiveCfg = Release|ARM
		{7D7B7F57-747E-4EF8-8354-810780CF99C7}.Release|ARM.Build.0 = Release|ARM
		{7D7B7F57-747E-4EF8-8354-810780CF99C7}.Release|x64.ActiveCfg = Release|x64
		{7D7B7F57-747E-4EF8-8354-810780CF99C7}.Release|x64.Build.0 = Release|x64
		{7D7B7F57-747E-4EF8-8354-810780CF99C7}.Release|x86.ActiveCfg = Release|x86
		{7D7B7F57-747E-4EF8-8354-810780CF99C7}.Release|x86.Build.0 = Release|x86
		{0508BF92-E917-40B4-83ED-7A634FFE8B77}.Debug|Any CPU.ActiveCfg = Debug|Any CPU
		{0508BF92-E917-40B4-83ED-7A634FFE8B77}.Debug|Any CPU.Build.0 = Debug|Any CPU
		{0508BF92-E917-40B4-83ED-7A634FFE8B77}.Debug|ARM.ActiveCfg = Debug|ARM
		{0508BF92-E917-40B4-83ED-7A634FFE8B77}.Debug|ARM.Build.0 = Debug|ARM
		{0508BF92-E917-40B4-83ED-7A634FFE8B77}.Debug|x64.ActiveCfg = Debug|x64
		{0508BF92-E917-40B4-83ED-7A634FFE8B77}.Debug|x64.Build.0 = Debug|x64
		{0508BF92-E917-40B4-83ED-7A634FFE8B77}.Debug|x86.ActiveCfg = Debug|x86
		{0508BF92-E917-40B4-83ED-7A634FFE8B77}.Debug|x86.Build.0 = Debug|x86
		{0508BF92-E917-40B4-83ED-7A634FFE8B77}.Release|Any CPU.ActiveCfg = Release|Any CPU
		{0508BF92-E917-40B4-83ED-7A634FFE8B77}.Release|Any CPU.Build.0 = Release|Any CPU
		{0508BF92-E917-40B4-83ED-7A634FFE8B77}.Release|ARM.ActiveCfg = Release|ARM
		{0508BF92-E917-40B4-83ED-7A634FFE8B77}.Release|ARM.Build.0 = Release|ARM
		{0508BF92-E917-40B4-83ED-7A634FFE8B77}.Release|x64.ActiveCfg = Release|x64
		{0508BF92-E917-40B4-83ED-7A634FFE8B77}.Release|x64.Build.0 = Release|x64
		{0508BF92-E917-40B4-83ED-7A634FFE8B77}.Release|x86.ActiveCfg = Release|x86
		{0508BF92-E917-40B4-83ED-7A634FFE8B77}.Release|x86.Build.0 = Release|x86
		{DDBF0C09-2FD1-450F-94AA-96DB0A18B11E}.Debug|Any CPU.ActiveCfg = Debug|Any CPU
		{DDBF0C09-2FD1-450F-94AA-96DB0A18B11E}.Debug|Any CPU.Build.0 = Debug|Any CPU
		{DDBF0C09-2FD1-450F-94AA-96DB0A18B11E}.Debug|ARM.ActiveCfg = Debug|Any CPU
		{DDBF0C09-2FD1-450F-94AA-96DB0A18B11E}.Debug|ARM.Build.0 = Debug|Any CPU
		{DDBF0C09-2FD1-450F-94AA-96DB0A18B11E}.Debug|x64.ActiveCfg = Debug|Any CPU
		{DDBF0C09-2FD1-450F-94AA-96DB0A18B11E}.Debug|x64.Build.0 = Debug|Any CPU
		{DDBF0C09-2FD1-450F-94AA-96DB0A18B11E}.Debug|x86.ActiveCfg = Debug|Any CPU
		{DDBF0C09-2FD1-450F-94AA-96DB0A18B11E}.Debug|x86.Build.0 = Debug|Any CPU
		{DDBF0C09-2FD1-450F-94AA-96DB0A18B11E}.Release|Any CPU.ActiveCfg = Release|Any CPU
		{DDBF0C09-2FD1-450F-94AA-96DB0A18B11E}.Release|Any CPU.Build.0 = Release|Any CPU
		{DDBF0C09-2FD1-450F-94AA-96DB0A18B11E}.Release|ARM.ActiveCfg = Release|Any CPU
		{DDBF0C09-2FD1-450F-94AA-96DB0A18B11E}.Release|ARM.Build.0 = Release|Any CPU
		{DDBF0C09-2FD1-450F-94AA-96DB0A18B11E}.Release|x64.ActiveCfg = Release|Any CPU
		{DDBF0C09-2FD1-450F-94AA-96DB0A18B11E}.Release|x64.Build.0 = Release|Any CPU
		{DDBF0C09-2FD1-450F-94AA-96DB0A18B11E}.Release|x86.ActiveCfg = Release|Any CPU
		{DDBF0C09-2FD1-450F-94AA-96DB0A18B11E}.Release|x86.Build.0 = Release|Any CPU
		{BC1A9147-8AF6-4A0A-B7EB-DAA49EBF7BBB}.Debug|Any CPU.ActiveCfg = Debug|Any CPU
		{BC1A9147-8AF6-4A0A-B7EB-DAA49EBF7BBB}.Debug|Any CPU.Build.0 = Debug|Any CPU
		{BC1A9147-8AF6-4A0A-B7EB-DAA49EBF7BBB}.Debug|ARM.ActiveCfg = Debug|Any CPU
		{BC1A9147-8AF6-4A0A-B7EB-DAA49EBF7BBB}.Debug|ARM.Build.0 = Debug|Any CPU
		{BC1A9147-8AF6-4A0A-B7EB-DAA49EBF7BBB}.Debug|x64.ActiveCfg = Debug|Any CPU
		{BC1A9147-8AF6-4A0A-B7EB-DAA49EBF7BBB}.Debug|x64.Build.0 = Debug|Any CPU
		{BC1A9147-8AF6-4A0A-B7EB-DAA49EBF7BBB}.Debug|x86.ActiveCfg = Debug|Any CPU
		{BC1A9147-8AF6-4A0A-B7EB-DAA49EBF7BBB}.Debug|x86.Build.0 = Debug|Any CPU
		{BC1A9147-8AF6-4A0A-B7EB-DAA49EBF7BBB}.Release|Any CPU.ActiveCfg = Release|Any CPU
		{BC1A9147-8AF6-4A0A-B7EB-DAA49EBF7BBB}.Release|Any CPU.Build.0 = Release|Any CPU
		{BC1A9147-8AF6-4A0A-B7EB-DAA49EBF7BBB}.Release|ARM.ActiveCfg = Release|Any CPU
		{BC1A9147-8AF6-4A0A-B7EB-DAA49EBF7BBB}.Release|ARM.Build.0 = Release|Any CPU
		{BC1A9147-8AF6-4A0A-B7EB-DAA49EBF7BBB}.Release|x64.ActiveCfg = Release|Any CPU
		{BC1A9147-8AF6-4A0A-B7EB-DAA49EBF7BBB}.Release|x64.Build.0 = Release|Any CPU
		{BC1A9147-8AF6-4A0A-B7EB-DAA49EBF7BBB}.Release|x86.ActiveCfg = Release|Any CPU
		{BC1A9147-8AF6-4A0A-B7EB-DAA49EBF7BBB}.Release|x86.Build.0 = Release|Any CPU
		{0B5CDFB4-911E-47A4-BE93-33949D021008}.Debug|Any CPU.ActiveCfg = Debug|Any CPU
		{0B5CDFB4-911E-47A4-BE93-33949D021008}.Debug|Any CPU.Build.0 = Debug|Any CPU
		{0B5CDFB4-911E-47A4-BE93-33949D021008}.Debug|ARM.ActiveCfg = Debug|Any CPU
		{0B5CDFB4-911E-47A4-BE93-33949D021008}.Debug|ARM.Build.0 = Debug|Any CPU
		{0B5CDFB4-911E-47A4-BE93-33949D021008}.Debug|x64.ActiveCfg = Debug|Any CPU
		{0B5CDFB4-911E-47A4-BE93-33949D021008}.Debug|x64.Build.0 = Debug|Any CPU
		{0B5CDFB4-911E-47A4-BE93-33949D021008}.Debug|x86.ActiveCfg = Debug|Any CPU
		{0B5CDFB4-911E-47A4-BE93-33949D021008}.Debug|x86.Build.0 = Debug|Any CPU
		{0B5CDFB4-911E-47A4-BE93-33949D021008}.Release|Any CPU.ActiveCfg = Release|Any CPU
		{0B5CDFB4-911E-47A4-BE93-33949D021008}.Release|Any CPU.Build.0 = Release|Any CPU
		{0B5CDFB4-911E-47A4-BE93-33949D021008}.Release|ARM.ActiveCfg = Release|Any CPU
		{0B5CDFB4-911E-47A4-BE93-33949D021008}.Release|ARM.Build.0 = Release|Any CPU
		{0B5CDFB4-911E-47A4-BE93-33949D021008}.Release|x64.ActiveCfg = Release|Any CPU
		{0B5CDFB4-911E-47A4-BE93-33949D021008}.Release|x64.Build.0 = Release|Any CPU
		{0B5CDFB4-911E-47A4-BE93-33949D021008}.Release|x86.ActiveCfg = Release|Any CPU
		{0B5CDFB4-911E-47A4-BE93-33949D021008}.Release|x86.Build.0 = Release|Any CPU
		{AC02A6F7-81B3-4640-AFAF-CDABEB231D04}.Debug|Any CPU.ActiveCfg = Debug|Any CPU
		{AC02A6F7-81B3-4640-AFAF-CDABEB231D04}.Debug|Any CPU.Build.0 = Debug|Any CPU
		{AC02A6F7-81B3-4640-AFAF-CDABEB231D04}.Debug|ARM.ActiveCfg = Debug|Any CPU
		{AC02A6F7-81B3-4640-AFAF-CDABEB231D04}.Debug|ARM.Build.0 = Debug|Any CPU
		{AC02A6F7-81B3-4640-AFAF-CDABEB231D04}.Debug|x64.ActiveCfg = Debug|Any CPU
		{AC02A6F7-81B3-4640-AFAF-CDABEB231D04}.Debug|x64.Build.0 = Debug|Any CPU
		{AC02A6F7-81B3-4640-AFAF-CDABEB231D04}.Debug|x86.ActiveCfg = Debug|Any CPU
		{AC02A6F7-81B3-4640-AFAF-CDABEB231D04}.Debug|x86.Build.0 = Debug|Any CPU
		{AC02A6F7-81B3-4640-AFAF-CDABEB231D04}.Release|Any CPU.ActiveCfg = Release|Any CPU
		{AC02A6F7-81B3-4640-AFAF-CDABEB231D04}.Release|Any CPU.Build.0 = Release|Any CPU
		{AC02A6F7-81B3-4640-AFAF-CDABEB231D04}.Release|ARM.ActiveCfg = Release|Any CPU
		{AC02A6F7-81B3-4640-AFAF-CDABEB231D04}.Release|ARM.Build.0 = Release|Any CPU
		{AC02A6F7-81B3-4640-AFAF-CDABEB231D04}.Release|x64.ActiveCfg = Release|Any CPU
		{AC02A6F7-81B3-4640-AFAF-CDABEB231D04}.Release|x64.Build.0 = Release|Any CPU
		{AC02A6F7-81B3-4640-AFAF-CDABEB231D04}.Release|x86.ActiveCfg = Release|Any CPU
		{AC02A6F7-81B3-4640-AFAF-CDABEB231D04}.Release|x86.Build.0 = Release|Any CPU
		{93153BB5-EC73-4EA2-B589-93F6A5FA3430}.Debug|Any CPU.ActiveCfg = Debug|Any CPU
		{93153BB5-EC73-4EA2-B589-93F6A5FA3430}.Debug|Any CPU.Build.0 = Debug|Any CPU
		{93153BB5-EC73-4EA2-B589-93F6A5FA3430}.Debug|Any CPU.Deploy.0 = Debug|Any CPU
		{93153BB5-EC73-4EA2-B589-93F6A5FA3430}.Debug|ARM.ActiveCfg = Debug|ARM
		{93153BB5-EC73-4EA2-B589-93F6A5FA3430}.Debug|ARM.Build.0 = Debug|ARM
		{93153BB5-EC73-4EA2-B589-93F6A5FA3430}.Debug|ARM.Deploy.0 = Debug|ARM
		{93153BB5-EC73-4EA2-B589-93F6A5FA3430}.Debug|x64.ActiveCfg = Debug|x64
		{93153BB5-EC73-4EA2-B589-93F6A5FA3430}.Debug|x64.Build.0 = Debug|x64
		{93153BB5-EC73-4EA2-B589-93F6A5FA3430}.Debug|x64.Deploy.0 = Debug|x64
		{93153BB5-EC73-4EA2-B589-93F6A5FA3430}.Debug|x86.ActiveCfg = Debug|x86
		{93153BB5-EC73-4EA2-B589-93F6A5FA3430}.Debug|x86.Build.0 = Debug|x86
		{93153BB5-EC73-4EA2-B589-93F6A5FA3430}.Debug|x86.Deploy.0 = Debug|x86
		{93153BB5-EC73-4EA2-B589-93F6A5FA3430}.Release|Any CPU.ActiveCfg = Release|Any CPU
		{93153BB5-EC73-4EA2-B589-93F6A5FA3430}.Release|Any CPU.Build.0 = Release|Any CPU
		{93153BB5-EC73-4EA2-B589-93F6A5FA3430}.Release|Any CPU.Deploy.0 = Release|Any CPU
		{93153BB5-EC73-4EA2-B589-93F6A5FA3430}.Release|ARM.ActiveCfg = Release|ARM
		{93153BB5-EC73-4EA2-B589-93F6A5FA3430}.Release|ARM.Build.0 = Release|ARM
		{93153BB5-EC73-4EA2-B589-93F6A5FA3430}.Release|ARM.Deploy.0 = Release|ARM
		{93153BB5-EC73-4EA2-B589-93F6A5FA3430}.Release|x64.ActiveCfg = Release|x64
		{93153BB5-EC73-4EA2-B589-93F6A5FA3430}.Release|x64.Build.0 = Release|x64
		{93153BB5-EC73-4EA2-B589-93F6A5FA3430}.Release|x64.Deploy.0 = Release|x64
		{93153BB5-EC73-4EA2-B589-93F6A5FA3430}.Release|x86.ActiveCfg = Release|x86
		{93153BB5-EC73-4EA2-B589-93F6A5FA3430}.Release|x86.Build.0 = Release|x86
		{93153BB5-EC73-4EA2-B589-93F6A5FA3430}.Release|x86.Deploy.0 = Release|x86
		{50BA6928-4424-4D31-9011-4121A3ED9B76}.Debug|Any CPU.ActiveCfg = Debug|Any CPU
		{50BA6928-4424-4D31-9011-4121A3ED9B76}.Debug|Any CPU.Build.0 = Debug|Any CPU
		{50BA6928-4424-4D31-9011-4121A3ED9B76}.Debug|ARM.ActiveCfg = Debug|Any CPU
		{50BA6928-4424-4D31-9011-4121A3ED9B76}.Debug|ARM.Build.0 = Debug|Any CPU
		{50BA6928-4424-4D31-9011-4121A3ED9B76}.Debug|x64.ActiveCfg = Debug|Any CPU
		{50BA6928-4424-4D31-9011-4121A3ED9B76}.Debug|x64.Build.0 = Debug|Any CPU
		{50BA6928-4424-4D31-9011-4121A3ED9B76}.Debug|x86.ActiveCfg = Debug|Any CPU
		{50BA6928-4424-4D31-9011-4121A3ED9B76}.Debug|x86.Build.0 = Debug|Any CPU
		{50BA6928-4424-4D31-9011-4121A3ED9B76}.Release|Any CPU.ActiveCfg = Release|Any CPU
		{50BA6928-4424-4D31-9011-4121A3ED9B76}.Release|Any CPU.Build.0 = Release|Any CPU
		{50BA6928-4424-4D31-9011-4121A3ED9B76}.Release|ARM.ActiveCfg = Release|Any CPU
		{50BA6928-4424-4D31-9011-4121A3ED9B76}.Release|ARM.Build.0 = Release|Any CPU
		{50BA6928-4424-4D31-9011-4121A3ED9B76}.Release|x64.ActiveCfg = Release|Any CPU
		{50BA6928-4424-4D31-9011-4121A3ED9B76}.Release|x64.Build.0 = Release|Any CPU
		{50BA6928-4424-4D31-9011-4121A3ED9B76}.Release|x86.ActiveCfg = Release|Any CPU
		{50BA6928-4424-4D31-9011-4121A3ED9B76}.Release|x86.Build.0 = Release|Any CPU
		{201114DD-70E7-4850-BF6F-184D7AFED818}.Debug|Any CPU.ActiveCfg = Debug|Any CPU
		{201114DD-70E7-4850-BF6F-184D7AFED818}.Debug|Any CPU.Build.0 = Debug|Any CPU
		{201114DD-70E7-4850-BF6F-184D7AFED818}.Debug|Any CPU.Deploy.0 = Debug|Any CPU
		{201114DD-70E7-4850-BF6F-184D7AFED818}.Debug|ARM.ActiveCfg = Debug|ARM
		{201114DD-70E7-4850-BF6F-184D7AFED818}.Debug|ARM.Build.0 = Debug|ARM
		{201114DD-70E7-4850-BF6F-184D7AFED818}.Debug|ARM.Deploy.0 = Debug|ARM
		{201114DD-70E7-4850-BF6F-184D7AFED818}.Debug|x64.ActiveCfg = Debug|x64
		{201114DD-70E7-4850-BF6F-184D7AFED818}.Debug|x64.Build.0 = Debug|x64
		{201114DD-70E7-4850-BF6F-184D7AFED818}.Debug|x64.Deploy.0 = Debug|x64
		{201114DD-70E7-4850-BF6F-184D7AFED818}.Debug|x86.ActiveCfg = Debug|x86
		{201114DD-70E7-4850-BF6F-184D7AFED818}.Debug|x86.Build.0 = Debug|x86
		{201114DD-70E7-4850-BF6F-184D7AFED818}.Debug|x86.Deploy.0 = Debug|x86
		{201114DD-70E7-4850-BF6F-184D7AFED818}.Release|Any CPU.ActiveCfg = Release|Any CPU
		{201114DD-70E7-4850-BF6F-184D7AFED818}.Release|Any CPU.Build.0 = Release|Any CPU
		{201114DD-70E7-4850-BF6F-184D7AFED818}.Release|Any CPU.Deploy.0 = Release|Any CPU
		{201114DD-70E7-4850-BF6F-184D7AFED818}.Release|ARM.ActiveCfg = Release|ARM
		{201114DD-70E7-4850-BF6F-184D7AFED818}.Release|ARM.Build.0 = Release|ARM
		{201114DD-70E7-4850-BF6F-184D7AFED818}.Release|ARM.Deploy.0 = Release|ARM
		{201114DD-70E7-4850-BF6F-184D7AFED818}.Release|x64.ActiveCfg = Release|x64
		{201114DD-70E7-4850-BF6F-184D7AFED818}.Release|x64.Build.0 = Release|x64
		{201114DD-70E7-4850-BF6F-184D7AFED818}.Release|x64.Deploy.0 = Release|x64
		{201114DD-70E7-4850-BF6F-184D7AFED818}.Release|x86.ActiveCfg = Release|x86
		{201114DD-70E7-4850-BF6F-184D7AFED818}.Release|x86.Build.0 = Release|x86
		{201114DD-70E7-4850-BF6F-184D7AFED818}.Release|x86.Deploy.0 = Release|x86
	EndGlobalSection
	GlobalSection(SolutionProperties) = preSolution
		HideSolutionNode = FALSE
	EndGlobalSection
	GlobalSection(NestedProjects) = preSolution
		{42010F0B-431E-4009-9D5C-08DBACC7023D} = {C4BBF458-C03B-4E8F-B8CD-E919F91CF431}
		{7ED7037F-3453-44A4-876E-527CD7708733} = {C4BBF458-C03B-4E8F-B8CD-E919F91CF431}
		{1A218530-EA20-4F33-A611-B7A91BFE762A} = {C4BBF458-C03B-4E8F-B8CD-E919F91CF431}
		{31DB7DA1-37B6-4901-BFC6-2E53614B5819} = {9E1525FA-D940-466E-8EFC-220C09635FEE}
		{4BD090AD-711A-4064-BB76-DC07AB7BCF55} = {3E73FD5C-284E-482D-8815-66CD4F3A9858}
		{7D7B7F57-747E-4EF8-8354-810780CF99C7} = {3E73FD5C-284E-482D-8815-66CD4F3A9858}
		{0508BF92-E917-40B4-83ED-7A634FFE8B77} = {3E73FD5C-284E-482D-8815-66CD4F3A9858}
		{DDBF0C09-2FD1-450F-94AA-96DB0A18B11E} = {C4BBF458-C03B-4E8F-B8CD-E919F91CF431}
		{BC1A9147-8AF6-4A0A-B7EB-DAA49EBF7BBB} = {C4BBF458-C03B-4E8F-B8CD-E919F91CF431}
		{0B5CDFB4-911E-47A4-BE93-33949D021008} = {4EE03CE7-E247-45CF-B699-CBB8DEFC502A}
		{AC02A6F7-81B3-4640-AFAF-CDABEB231D04} = {4EE03CE7-E247-45CF-B699-CBB8DEFC502A}
		{93153BB5-EC73-4EA2-B589-93F6A5FA3430} = {4EE03CE7-E247-45CF-B699-CBB8DEFC502A}
		{50BA6928-4424-4D31-9011-4121A3ED9B76} = {9E1525FA-D940-466E-8EFC-220C09635FEE}
		{201114DD-70E7-4850-BF6F-184D7AFED818} = {9E1525FA-D940-466E-8EFC-220C09635FEE}
	EndGlobalSection
EndGlobal
